
Microsoft Visual Studio Solution File, Format Version 12.00
# Visual Studio Version 17
VisualStudioVersion = 17.7.34031.279
MinimumVisualStudioVersion = 10.0.40219.1
Project("{FAE04EC0-301F-11D3-BF4B-00C04F79EFBC}") = "task-manager-demo", "demo-september-2023\task-manager-demo.csproj", "{1FBAC617-B647-409C-8732-C932620EC7D3}"
EndProject
Global
	GlobalSection(SolutionConfigurationPlatforms) = preSolution
		Debug|Any CPU = Debug|Any CPU
		Release|Any CPU = Release|Any CPU
	EndGlobalSection
	GlobalSection(ProjectConfigurationPlatforms) = postSolution
		{1FBAC617-B647-409C-8732-C932620EC7D3}.Debug|Any CPU.ActiveCfg = Debug|Any CPU
		{1FBAC617-B647-409C-8732-C932620EC7D3}.Debug|Any CPU.Build.0 = Debug|Any CPU
		{1FBAC617-B647-409C-8732-C932620EC7D3}.Release|Any CPU.ActiveCfg = Release|Any CPU
		{1FBAC617-B647-409C-8732-C932620EC7D3}.Release|Any CPU.Build.0 = Release|Any CPU
	EndGlobalSection
	GlobalSection(SolutionProperties) = preSolution
		HideSolutionNode = FALSE
	EndGlobalSection
	GlobalSection(ExtensibilityGlobals) = postSolution
		SolutionGuid = {A79C91AB-234E-4B1C-9FE6-E3468B6F3D9D}
	EndGlobalSection
EndGlobal
